// !$*UTF8*$!
{
	archiveVersion = 1;
	classes = {
	};
	objectVersion = 50;
	objects = {

/* Begin PBXBuildFile section */
		8630370D208DD30000C901EC /* AppDelegate.swift in Sources */ = {isa = PBXBuildFile; fileRef = 8630370C208DD30000C901EC /* AppDelegate.swift */; };
		8630370F208DD30000C901EC /* ViewController.swift in Sources */ = {isa = PBXBuildFile; fileRef = 8630370E208DD30000C901EC /* ViewController.swift */; };
		86303712208DD30000C901EC /* Main.storyboard in Resources */ = {isa = PBXBuildFile; fileRef = 86303710208DD30000C901EC /* Main.storyboard */; };
		86303714208DD30200C901EC /* Assets.xcassets in Resources */ = {isa = PBXBuildFile; fileRef = 86303713208DD30200C901EC /* Assets.xcassets */; };
		86303717208DD30200C901EC /* LaunchScreen.storyboard in Resources */ = {isa = PBXBuildFile; fileRef = 86303715208DD30200C901EC /* LaunchScreen.storyboard */; };
		8630371F208DD37600C901EC /* ImageZoomingTrainsitionPresenter.swift in Sources */ = {isa = PBXBuildFile; fileRef = 8630371E208DD37600C901EC /* ImageZoomingTrainsitionPresenter.swift */; };
		86303721208DD3B900C901EC /* ImageZoomingTransitionDismisser.swift in Sources */ = {isa = PBXBuildFile; fileRef = 86303720208DD3B900C901EC /* ImageZoomingTransitionDismisser.swift */; };
/* End PBXBuildFile section */

/* Begin PBXFileReference section */
		86303709208DD30000C901EC /* ImageZoomingTransitioning.app */ = {isa = PBXFileReference; explicitFileType = wrapper.application; includeInIndex = 0; path = ImageZoomingTransitioning.app; sourceTree = BUILT_PRODUCTS_DIR; };
		8630370C208DD30000C901EC /* AppDelegate.swift */ = {isa = PBXFileReference; lastKnownFileType = sourcecode.swift; path = AppDelegate.swift; sourceTree = "<group>"; };
		8630370E208DD30000C901EC /* ViewController.swift */ = {isa = PBXFileReference; lastKnownFileType = sourcecode.swift; path = ViewController.swift; sourceTree = "<group>"; };
		86303711208DD30000C901EC /* Base */ = {isa = PBXFileReference; lastKnownFileType = file.storyboard; name = Base; path = Base.lproj/Main.storyboard; sourceTree = "<group>"; };
		86303713208DD30200C901EC /* Assets.xcassets */ = {isa = PBXFileReference; lastKnownFileType = folder.assetcatalog; path = Assets.xcassets; sourceTree = "<group>"; };
		86303716208DD30200C901EC /* Base */ = {isa = PBXFileReference; lastKnownFileType = file.storyboard; name = Base; path = Base.lproj/LaunchScreen.storyboard; sourceTree = "<group>"; };
		86303718208DD30200C901EC /* Info.plist */ = {isa = PBXFileReference; lastKnownFileType = text.plist.xml; path = Info.plist; sourceTree = "<group>"; };
		8630371E208DD37600C901EC /* ImageZoomingTrainsitionPresenter.swift */ = {isa = PBXFileReference; lastKnownFileType = sourcecode.swift; path = ImageZoomingTrainsitionPresenter.swift; sourceTree = "<group>"; };
		86303720208DD3B900C901EC /* ImageZoomingTransitionDismisser.swift */ = {isa = PBXFileReference; lastKnownFileType = sourcecode.swift; path = ImageZoomingTransitionDismisser.swift; sourceTree = "<group>"; };
/* End PBXFileReference section */

/* Begin PBXFrameworksBuildPhase section */
		86303706208DD30000C901EC /* Frameworks */ = {
			isa = PBXFrameworksBuildPhase;
			buildActionMask = 2147483647;
			files = (
			);
			runOnlyForDeploymentPostprocessing = 0;
		};
/* End PBXFrameworksBuildPhase section */

/* Begin PBXGroup section */
		86303700208DD30000C901EC = {
			isa = PBXGroup;
			children = (
				8630370B208DD30000C901EC /* ImageZoomingTransitioning */,
				8630370A208DD30000C901EC /* Products */,
			);
			sourceTree = "<group>";
		};
		8630370A208DD30000C901EC /* Products */ = {
			isa = PBXGroup;
			children = (
				86303709208DD30000C901EC /* ImageZoomingTransitioning.app */,
			);
			name = Products;
			sourceTree = "<group>";
		};
		8630370B208DD30000C901EC /* ImageZoomingTransitioning */ = {
			isa = PBXGroup;
			children = (
				86303722208DD3EA00C901EC /* src */,
				8630370C208DD30000C901EC /* AppDelegate.swift */,
				8630370E208DD30000C901EC /* ViewController.swift */,
				86303710208DD30000C901EC /* Main.storyboard */,
				86303713208DD30200C901EC /* Assets.xcassets */,
				86303715208DD30200C901EC /* LaunchScreen.storyboard */,
				86303718208DD30200C901EC /* Info.plist */,
			);
			path = ImageZoomingTransitioning;
			sourceTree = "<group>";
		};
		86303722208DD3EA00C901EC /* src */ = {
			isa = PBXGroup;
			children = (
				8630371E208DD37600C901EC /* ImageZoomingTrainsitionPresenter.swift */,
				86303720208DD3B900C901EC /* ImageZoomingTransitionDismisser.swift */,
			);
			path = src;
			sourceTree = "<group>";
		};
/* End PBXGroup section */

/* Begin PBXNativeTarget section */
		86303708208DD30000C901EC /* ImageZoomingTransitioning */ = {
			isa = PBXNativeTarget;
			buildConfigurationList = 8630371B208DD30200C901EC /* Build configuration list for PBXNativeTarget "ImageZoomingTransitioning" */;
			buildPhases = (
				86303705208DD30000C901EC /* Sources */,
				86303706208DD30000C901EC /* Frameworks */,
				86303707208DD30000C901EC /* Resources */,
			);
			buildRules = (
			);
			dependencies = (
			);
			name = ImageZoomingTransitioning;
			productName = ImageZoomingTransitioning;
			productReference = 86303709208DD30000C901EC /* ImageZoomingTransitioning.app */;
			productType = "com.apple.product-type.application";
		};
/* End PBXNativeTarget section */

/* Begin PBXProject section */
		86303701208DD30000C901EC /* Project object */ = {
			isa = PBXProject;
			attributes = {
				LastSwiftUpdateCheck = 0930;
				LastUpgradeCheck = 0930;
				ORGANIZATIONNAME = Hesse;
				TargetAttributes = {
					86303708208DD30000C901EC = {
						CreatedOnToolsVersion = 9.3;
					};
				};
			};
			buildConfigurationList = 86303704208DD30000C901EC /* Build configuration list for PBXProject "ImageZoomingTransitioning" */;
			compatibilityVersion = "Xcode 9.3";
			developmentRegion = en;
			hasScannedForEncodings = 0;
			knownRegions = (
				en,
				Base,
			);
			mainGroup = 86303700208DD30000C901EC;
			productRefGroup = 8630370A208DD30000C901EC /* Products */;
			projectDirPath = "";
			projectRoot = "";
			targets = (
				86303708208DD30000C901EC /* ImageZoomingTransitioning */,
			);
		};
/* End PBXProject section */

/* Begin PBXResourcesBuildPhase section */
		86303707208DD30000C901EC /* Resources */ = {
			isa = PBXResourcesBuildPhase;
			buildActionMask = 2147483647;
			files = (
				86303717208DD30200C901EC /* LaunchScreen.storyboard in Resources */,
				86303714208DD30200C901EC /* Assets.xcassets in Resources */,
				86303712208DD30000C901EC /* Main.storyboard in Resources */,
			);
			runOnlyForDeploymentPostprocessing = 0;
		};
/* End PBXResourcesBuildPhase section */

/* Begin PBXSourcesBuildPhase section */
		86303705208DD30000C901EC /* Sources */ = {
			isa = PBXSourcesBuildPhase;
			buildActionMask = 2147483647;
			files = (
				86303721208DD3B900C901EC /* ImageZoomingTransitionDismisser.swift in Sources */,
				8630370F208DD30000C901EC /* ViewController.swift in Sources */,
				8630371F208DD37600C901EC /* ImageZoomingTrainsitionPresenter.swift in Sources */,
				8630370D208DD30000C901EC /* AppDelegate.swift in Sources */,
			);
			runOnlyForDeploymentPostprocessing = 0;
		};
/* End PBXSourcesBuildPhase section */

/* Begin PBXVariantGroup section */
		86303710208DD30000C901EC /* Main.storyboard */ = {
			isa = PBXVariantGroup;
			children = (
				86303711208DD30000C901EC /* Base */,
			);
			name = Main.storyboard;
			sourceTree = "<group>";
		};
		86303715208DD30200C901EC /* LaunchScreen.storyboard */ = {
			isa = PBXVariantGroup;
			children = (
				86303716208DD30200C901EC /* Base */,
			);
			name = LaunchScreen.storyboard;
			sourceTree = "<group>";
		};
/* End PBXVariantGroup section */

/* Begin XCBuildConfiguration section */
		86303719208DD30200C901EC /* Debug */ = {
			isa = XCBuildConfiguration;
			buildSettings = {
				ALWAYS_SEARCH_USER_PATHS = NO;
				CLANG_ANALYZER_NONNULL = YES;
				CLANG_ANALYZER_NUMBER_OBJECT_CONVERSION = YES_AGGRESSIVE;
				CLANG_CXX_LANGUAGE_STANDARD = "gnu++14";
				CLANG_CXX_LIBRARY = "libc++";
				CLANG_ENABLE_MODULES = YES;
				CLANG_ENABLE_OBJC_ARC = YES;
				CLANG_ENABLE_OBJC_WEAK = YES;
				CLANG_WARN_BLOCK_CAPTURE_AUTORELEASING = YES;
				CLANG_WARN_BOOL_CONVERSION = YES;
				CLANG_WARN_COMMA = YES;
				CLANG_WARN_CONSTANT_CONVERSION = YES;
				CLANG_WARN_DEPRECATED_OBJC_IMPLEMENTATIONS = YES;
				CLANG_WARN_DIRECT_OBJC_ISA_USAGE = YES_ERROR;
				CLANG_WARN_DOCUMENTATION_COMMENTS = YES;
				CLANG_WARN_EMPTY_BODY = YES;
				CLANG_WARN_ENUM_CONVERSION = YES;
				CLANG_WARN_INFINITE_RECURSION = YES;
				CLANG_WARN_INT_CONVERSION = YES;
				CLANG_WARN_NON_LITERAL_NULL_CONVERSION = YES;
				CLANG_WARN_OBJC_IMPLICIT_RETAIN_SELF = YES;
				CLANG_WARN_OBJC_LITERAL_CONVERSION = YES;
				CLANG_WARN_OBJC_ROOT_CLASS = YES_ERROR;
				CLANG_WARN_RANGE_LOOP_ANALYSIS = YES;
				CLANG_WARN_STRICT_PROTOTYPES = YES;
				CLANG_WARN_SUSPICIOUS_MOVE = YES;
				CLANG_WARN_UNGUARDED_AVAILABILITY = YES_AGGRESSIVE;
				CLANG_WARN_UNREACHABLE_CODE = YES;
				CLANG_WARN__DUPLICATE_METHOD_MATCH = YES;
				CODE_SIGN_IDENTITY = "iPhone Developer";
				COPY_PHASE_STRIP = NO;
				DEBUG_INFORMATION_FORMAT = dwarf;
				ENABLE_STRICT_OBJC_MSGSEND = YES;
				ENABLE_TESTABILITY = YES;
				GCC_C_LANGUAGE_STANDARD = gnu11;
				GCC_DYNAMIC_NO_PIC = NO;
				GCC_NO_COMMON_BLOCKS = YES;
				GCC_OPTIMIZATION_LEVEL = 0;
				GCC_PREPROCESSOR_DEFINITIONS = (
					"DEBUG=1",
					"$(inherited)",
				);
				GCC_WARN_64_TO_32_BIT_CONVERSION = YES;
				GCC_WARN_ABOUT_RETURN_TYPE = YES_ERROR;
				GCC_WARN_UNDECLARED_SELECTOR = YES;
				GCC_WARN_UNINITIALIZED_AUTOS = YES_AGGRESSIVE;
				GCC_WARN_UNUSED_FUNCTION = YES;
				GCC_WARN_UNUSED_VARIABLE = YES;
				IPHONEOS_DEPLOYMENT_TARGET = 11.3;
				MTL_ENABLE_DEBUG_INFO = YES;
				ONLY_ACTIVE_ARCH = YES;
				SDKROOT = iphoneos;
				SWIFT_ACTIVE_COMPILATION_CONDITIONS = DEBUG;
				SWIFT_OPTIMIZATION_LEVEL = "-Onone";
			};
			name = Debug;
		};
		8630371A208DD30200C901EC /* Release */ = {
			isa = XCBuildConfiguration;
			buildSettings = {
				ALWAYS_SEARCH_USER_PATHS = NO;
				CLANG_ANALYZER_NONNULL = YES;
				CLANG_ANALYZER_NUMBER_OBJECT_CONVERSION = YES_AGGRESSIVE;
				CLANG_CXX_LANGUAGE_STANDARD = "gnu++14";
				CLANG_CXX_LIBRARY = "libc++";
				CLANG_ENABLE_MODULES = YES;
				CLANG_ENABLE_OBJC_ARC = YES;
				CLANG_ENABLE_OBJC_WEAK = YES;
				CLANG_WARN_BLOCK_CAPTURE_AUTORELEASING = YES;
				CLANG_WARN_BOOL_CONVERSION = YES;
				CLANG_WARN_COMMA = YES;
				CLANG_WARN_CONSTANT_CONVERSION = YES;
				CLANG_WARN_DEPRECATED_OBJC_IMPLEMENTATIONS = YES;
				CLANG_WARN_DIRECT_OBJC_ISA_USAGE = YES_ERROR;
				CLANG_WARN_DOCUMENTATION_COMMENTS = YES;
				CLANG_WARN_EMPTY_BODY = YES;
				CLANG_WARN_ENUM_CONVERSION = YES;
				CLANG_WARN_INFINITE_RECURSION = YES;
				CLANG_WARN_INT_CONVERSION = YES;
				CLANG_WARN_NON_LITERAL_NULL_CONVERSION = YES;
				CLANG_WARN_OBJC_IMPLICIT_RETAIN_SELF = YES;
				CLANG_WARN_OBJC_LITERAL_CONVERSION = YES;
				CLANG_WARN_OBJC_ROOT_CLASS = YES_ERROR;
				CLANG_WARN_RANGE_LOOP_ANALYSIS = YES;
				CLANG_WARN_STRICT_PROTOTYPES = YES;
				CLANG_WARN_SUSPICIOUS_MOVE = YES;
				CLANG_WARN_UNGUARDED_AVAILABILITY = YES_AGGRESSIVE;
				CLANG_WARN_UNREACHABLE_CODE = YES;
				CLANG_WARN__DUPLICATE_METHOD_MATCH = YES;
				CODE_SIGN_IDENTITY = "iPhone Developer";
				COPY_PHASE_STRIP = NO;
				DEBUG_INFORMATION_FORMAT = "dwarf-with-dsym";
				ENABLE_NS_ASSERTIONS = NO;
				ENABLE_STRICT_OBJC_MSGSEND = YES;
				GCC_C_LANGUAGE_STANDARD = gnu11;
				GCC_NO_COMMON_BLOCKS = YES;
				GCC_WARN_64_TO_32_BIT_CONVERSION = YES;
				GCC_WARN_ABOUT_RETURN_TYPE = YES_ERROR;
				GCC_WARN_UNDECLARED_SELECTOR = YES;
				GCC_WARN_UNINITIALIZED_AUTOS = YES_AGGRESSIVE;
				GCC_WARN_UNUSED_FUNCTION = YES;
				GCC_WARN_UNUSED_VARIABLE = YES;
				IPHONEOS_DEPLOYMENT_TARGET = 11.3;
				MTL_ENABLE_DEBUG_INFO = NO;
				SDKROOT = iphoneos;
				SWIFT_COMPILATION_MODE = wholemodule;
				SWIFT_OPTIMIZATION_LEVEL = "-O";
				VALIDATE_PRODUCT = YES;
			};
			name = Release;
		};
		8630371C208DD30200C901EC /* Debug */ = {
			isa = XCBuildConfiguration;
			buildSettings = {
				ASSETCATALOG_COMPILER_APPICON_NAME = AppIcon;
				CODE_SIGN_STYLE = Automatic;
				INFOPLIST_FILE = ImageZoomingTransitioning/Info.plist;
				LD_RUNPATH_SEARCH_PATHS = (
					"$(inherited)",
					"@executable_path/Frameworks",
				);
				PRODUCT_BUNDLE_IDENTIFIER = Hesse.ImageZoomingTransitioning;
				PRODUCT_NAME = "$(TARGET_NAME)";
				SWIFT_VERSION = 4.0;
				TARGETED_DEVICE_FAMILY = "1,2";
			};
			name = Debug;
		};
		8630371D208DD30200C901EC /* Release */ = {
			isa = XCBuildConfiguration;
			buildSettings = {
				ASSETCATALOG_COMPILER_APPICON_NAME = AppIcon;
				CODE_SIGN_STYLE = Automatic;
				INFOPLIST_FILE = ImageZoomingTransitioning/Info.plist;
				LD_RUNPATH_SEARCH_PATHS = (
					"$(inherited)",
					"@executable_path/Frameworks",
				);
				PRODUCT_BUNDLE_IDENTIFIER = Hesse.ImageZoomingTransitioning;
				PRODUCT_NAME = "$(TARGET_NAME)";
				SWIFT_VERSION = 4.0;
				TARGETED_DEVICE_FAMILY = "1,2";
			};
			name = Release;
		};
/* End XCBuildConfiguration section */

/* Begin XCConfigurationList section */
		86303704208DD30000C901EC /* Build configuration list for PBXProject "ImageZoomingTransitioning" */ = {
			isa = XCConfigurationList;
			buildConfigurations = (
				86303719208DD30200C901EC /* Debug */,
				8630371A208DD30200C901EC /* Release */,
			);
			defaultConfigurationIsVisible = 0;
			defaultConfigurationName = Release;
		};
		8630371B208DD30200C901EC /* Build configuration list for PBXNativeTarget "ImageZoomingTransitioning" */ = {
			isa = XCConfigurationList;
			buildConfigurations = (
				8630371C208DD30200C901EC /* Debug */,
				8630371D208DD30200C901EC /* Release */,
			);
			defaultConfigurationIsVisible = 0;
			defaultConfigurationName = Release;
		};
/* End XCConfigurationList section */
	};
	rootObject = 86303701208DD30000C901EC /* Project object */;
}
